
Microsoft Visual Studio Solution File, Format Version 12.00
# Visual Studio Version 17
VisualStudioVersion = 17.4.33103.184
MinimumVisualStudioVersion = 10.0.40219.1
Project("{FAE04EC0-301F-11D3-BF4B-00C04F79EFBC}") = "L5_JCSA_1020022", "L5_JCSA_1020022\L5_JCSA_1020022.csproj", "{3DD6A269-DB0C-4756-8FC3-3F472DF35075}"
EndProject
Global
	GlobalSection(SolutionConfigurationPlatforms) = preSolution
		Debug|Any CPU = Debug|Any CPU
		Release|Any CPU = Release|Any CPU
	EndGlobalSection
	GlobalSection(ProjectConfigurationPlatforms) = postSolution
		{3DD6A269-DB0C-4756-8FC3-3F472DF35075}.Debug|Any CPU.ActiveCfg = Debug|Any CPU
		{3DD6A269-DB0C-4756-8FC3-3F472DF35075}.Debug|Any CPU.Build.0 = Debug|Any CPU
		{3DD6A269-DB0C-4756-8FC3-3F472DF35075}.Release|Any CPU.ActiveCfg = Release|Any CPU
		{3DD6A269-DB0C-4756-8FC3-3F472DF35075}.Release|Any CPU.Build.0 = Release|Any CPU
	EndGlobalSection
	GlobalSection(SolutionProperties) = preSolution
		HideSolutionNode = FALSE
	EndGlobalSection
	GlobalSection(ExtensibilityGlobals) = postSolution
		SolutionGuid = {3941482B-A843-4584-9B58-30F1F1F4575E}
	EndGlobalSection
EndGlobal
